Microsoft Visual Studio Solution File, Format Version 12.00
# Visual Studio 2012
Project("{8BC9CEB8-8B4A-11D0-8D11-00A0C91BC942}") = "UnitTest", "unitTest\test.vcxproj", "{C7007D59-5A7C-430C-8C49-7D8A156F5778}"
EndProject
Project("{8BC9CEB8-8B4A-11D0-8D11-00A0C91BC942}") = "DComputeLib", "DComputeLib\DComputeLib.vcxproj", "{3A748C56-B673-4B91-843C-7C0D5EC34656}"
EndProject
Project("{8BC9CEB8-8B4A-11D0-8D11-00A0C91BC942}") = "ClientTest", "ClientTest\ClientTest.vcxproj", "{5C3EB25F-676A-4C60-B9CC-F28E31E3FE34}"
EndProject
Project("{8BC9CEB8-8B4A-11D0-8D11-00A0C91BC942}") = "example_transPic_client", "example_transPic_client\example_transPic_client.vcxproj", "{A9A33354-7B39-4032-9E87-B545CDC9D634}"
EndProject
Project("{8BC9CEB8-8B4A-11D0-8D11-00A0C91BC942}") = "example_transPic_worker", "example_transPic_worker\transPicWorker.vcxproj", "{E0E574A3-3513-4AE8-955B-3B42DBF9322A}"
EndProject
Project("{8BC9CEB8-8B4A-11D0-8D11-00A0C91BC942}") = "JoberserverTest", "JoberserverTest\JoberserverTest.vcxproj", "{376FF9E9-5925-4C65-A818-3335FE6FC2E6}"
EndProject
Project("{8BC9CEB8-8B4A-11D0-8D11-00A0C91BC942}") = "WorkerTest", "WorkerTest\WorkerTest.vcxproj", "{3841E78E-FB3B-45AE-BD85-E78BB4DEA3A3}"
EndProject
Global
	GlobalSection(SolutionConfigurationPlatforms) = preSolution
		Debug|Win32 = Debug|Win32
		Release|Win32 = Release|Win32
	EndGlobalSection
	GlobalSection(ProjectConfigurationPlatforms) = postSolution
		{C7007D59-5A7C-430C-8C49-7D8A156F5778}.Debug|Win32.ActiveCfg = Debug|Win32
		{C7007D59-5A7C-430C-8C49-7D8A156F5778}.Debug|Win32.Build.0 = Debug|Win32
		{C7007D59-5A7C-430C-8C49-7D8A156F5778}.Release|Win32.ActiveCfg = Release|Win32
		{C7007D59-5A7C-430C-8C49-7D8A156F5778}.Release|Win32.Build.0 = Release|Win32
		{3A748C56-B673-4B91-843C-7C0D5EC34656}.Debug|Win32.ActiveCfg = Debug|Win32
		{3A748C56-B673-4B91-843C-7C0D5EC34656}.Debug|Win32.Build.0 = Debug|Win32
		{3A748C56-B673-4B91-843C-7C0D5EC34656}.Release|Win32.ActiveCfg = Release|Win32
		{3A748C56-B673-4B91-843C-7C0D5EC34656}.Release|Win32.Build.0 = Release|Win32
		{5C3EB25F-676A-4C60-B9CC-F28E31E3FE34}.Debug|Win32.ActiveCfg = Debug|Win32
		{5C3EB25F-676A-4C60-B9CC-F28E31E3FE34}.Debug|Win32.Build.0 = Debug|Win32
		{5C3EB25F-676A-4C60-B9CC-F28E31E3FE34}.Release|Win32.ActiveCfg = Release|Win32
		{5C3EB25F-676A-4C60-B9CC-F28E31E3FE34}.Release|Win32.Build.0 = Release|Win32
		{A9A33354-7B39-4032-9E87-B545CDC9D634}.Debug|Win32.ActiveCfg = Debug|Win32
		{A9A33354-7B39-4032-9E87-B545CDC9D634}.Debug|Win32.Build.0 = Debug|Win32
		{A9A33354-7B39-4032-9E87-B545CDC9D634}.Release|Win32.ActiveCfg = Release|Win32
		{A9A33354-7B39-4032-9E87-B545CDC9D634}.Release|Win32.Build.0 = Release|Win32
		{E0E574A3-3513-4AE8-955B-3B42DBF9322A}.Debug|Win32.ActiveCfg = Debug|Win32
		{E0E574A3-3513-4AE8-955B-3B42DBF9322A}.Debug|Win32.Build.0 = Debug|Win32
		{E0E574A3-3513-4AE8-955B-3B42DBF9322A}.Release|Win32.ActiveCfg = Release|Win32
		{E0E574A3-3513-4AE8-955B-3B42DBF9322A}.Release|Win32.Build.0 = Release|Win32
		{376FF9E9-5925-4C65-A818-3335FE6FC2E6}.Debug|Win32.ActiveCfg = Debug|Win32
		{376FF9E9-5925-4C65-A818-3335FE6FC2E6}.Debug|Win32.Build.0 = Debug|Win32
		{376FF9E9-5925-4C65-A818-3335FE6FC2E6}.Release|Win32.ActiveCfg = Release|Win32
		{376FF9E9-5925-4C65-A818-3335FE6FC2E6}.Release|Win32.Build.0 = Release|Win32
		{3841E78E-FB3B-45AE-BD85-E78BB4DEA3A3}.Debug|Win32.ActiveCfg = Debug|Win32
		{3841E78E-FB3B-45AE-BD85-E78BB4DEA3A3}.Debug|Win32.Build.0 = Debug|Win32
		{3841E78E-FB3B-45AE-BD85-E78BB4DEA3A3}.Release|Win32.ActiveCfg = Release|Win32
		{3841E78E-FB3B-45AE-BD85-E78BB4DEA3A3}.Release|Win32.Build.0 = Release|Win32
	EndGlobalSection
	GlobalSection(SolutionProperties) = preSolution
		HideSolutionNode = FALSE
	EndGlobalSection
EndGlobal
